{
  "name": "stacker",
  "version": "1.0.0",
  "lockfileVersion": 1,
  "requires": true,
  "dependencies": {
    "colors": {
      "version": "1.4.0",
      "resolved": "https://registry.npmjs.org/colors/-/colors-1.4.0.tgz",
      "integrity": "sha512-a+UqTh4kgZg/SlGvfbzDHpgRu7AAQOmmqRHJnxhRZICKFUT91brVhNNt58CMWU9PsBbv3PDCZUHbVxuDiH2mtA=="
    },
    "commander": {
      "version": "2.19.0",
      "resolved": "https://registry.npmjs.org/commander/-/commander-2.19.0.tgz",
      "integrity": "sha512-6tvAOO+D6OENvRAh524Dh9jcfKTYDQAqvqezbCW82xj5X0pSrcpxtvRKHLG0yBY6SD7PSDrJaj+0AiOcKVd1Xg=="
    },
    "oo-ascii-tree": {
      "version": "1.10.0",
      "resolved": "https://registry.npmjs.org/oo-ascii-tree/-/oo-ascii-tree-1.10.0.tgz",
      "integrity": "sha512-M8Ukuc8ZbT91WafPuKvsddASKeG4XySGZxv969pCtcUz9eCqSsabrIC7aoBAdZ5fTEtFyG89tSUmK5Sqtk/hZQ=="
    }
  }
}
